
Microsoft Visual Studio Solution File, Format Version 12.00
Project("{FAE04EC0-301F-11D3-BF4B-00C04F79EFBC}") = "TestApi", "TestApi\TestApi.csproj", "{9FD92068-12C3-43B9-AAA4-7381F4BDDA30}"
EndProject
Project("{2150E333-8FDC-42A3-9474-1A3956D46DE8}") = "Solution Items", "Solution Items", "{A438AFD2-0832-4659-B4C0-FC49EC94B712}"
	ProjectSection(SolutionItems) = preProject
		compose.yaml = compose.yaml
	EndProjectSection
EndProject
Project("{FAE04EC0-301F-11D3-BF4B-00C04F79EFBC}") = "TestApi.Migrations", "TestApi.Migrations\TestApi.Migrations.csproj", "{FB4FCFE8-0E31-43B5-8458-18C40756CC14}"
EndProject
Project("{FAE04EC0-301F-11D3-BF4B-00C04F79EFBC}") = "TestApi.Domain", "TestApi.Domain\TestApi.Domain.csproj", "{C8767AB4-CFFD-49B6-8CD7-91528CC0C6D9}"
EndProject
Project("{FAE04EC0-301F-11D3-BF4B-00C04F79EFBC}") = "TestConsoleApp", "TestConsoleApp\TestConsoleApp.csproj", "{D264269E-8B6A-45DB-8D2B-79EB96540EB6}"
EndProject
Global
	GlobalSection(SolutionConfigurationPlatforms) = preSolution
		Debug|Any CPU = Debug|Any CPU
		Release|Any CPU = Release|Any CPU
	EndGlobalSection
	GlobalSection(ProjectConfigurationPlatforms) = postSolution
		{9FD92068-12C3-43B9-AAA4-7381F4BDDA30}.Debug|Any CPU.ActiveCfg = Debug|Any CPU
		{9FD92068-12C3-43B9-AAA4-7381F4BDDA30}.Debug|Any CPU.Build.0 = Debug|Any CPU
		{9FD92068-12C3-43B9-AAA4-7381F4BDDA30}.Release|Any CPU.ActiveCfg = Release|Any CPU
		{9FD92068-12C3-43B9-AAA4-7381F4BDDA30}.Release|Any CPU.Build.0 = Release|Any CPU
		{FB4FCFE8-0E31-43B5-8458-18C40756CC14}.Debug|Any CPU.ActiveCfg = Debug|Any CPU
		{FB4FCFE8-0E31-43B5-8458-18C40756CC14}.Debug|Any CPU.Build.0 = Debug|Any CPU
		{FB4FCFE8-0E31-43B5-8458-18C40756CC14}.Release|Any CPU.ActiveCfg = Release|Any CPU
		{FB4FCFE8-0E31-43B5-8458-18C40756CC14}.Release|Any CPU.Build.0 = Release|Any CPU
		{C8767AB4-CFFD-49B6-8CD7-91528CC0C6D9}.Debug|Any CPU.ActiveCfg = Debug|Any CPU
		{C8767AB4-CFFD-49B6-8CD7-91528CC0C6D9}.Debug|Any CPU.Build.0 = Debug|Any CPU
		{C8767AB4-CFFD-49B6-8CD7-91528CC0C6D9}.Release|Any CPU.ActiveCfg = Release|Any CPU
		{C8767AB4-CFFD-49B6-8CD7-91528CC0C6D9}.Release|Any CPU.Build.0 = Release|Any CPU
		{D264269E-8B6A-45DB-8D2B-79EB96540EB6}.Debug|Any CPU.ActiveCfg = Debug|Any CPU
		{D264269E-8B6A-45DB-8D2B-79EB96540EB6}.Debug|Any CPU.Build.0 = Debug|Any CPU
		{D264269E-8B6A-45DB-8D2B-79EB96540EB6}.Release|Any CPU.ActiveCfg = Release|Any CPU
		{D264269E-8B6A-45DB-8D2B-79EB96540EB6}.Release|Any CPU.Build.0 = Release|Any CPU
	EndGlobalSection
EndGlobal
